
Microsoft Visual Studio Solution File, Format Version 12.00
# Visual Studio Version 16
VisualStudioVersion = 16.0.29503.13
MinimumVisualStudioVersion = 10.0.40219.1
Project("{FAE04EC0-301F-11D3-BF4B-00C04F79EFBC}") = "ImageViewerUsingFtp", "ImageViewerUsingFtp\ImageViewerUsingFtp.csproj", "{D65560B3-10F0-42E7-BCA5-12D0F958AEA9}"
EndProject
Global
	GlobalSection(SolutionConfigurationPlatforms) = preSolution
		Debug|Any CPU = Debug|Any CPU
		Release|Any CPU = Release|Any CPU
	EndGlobalSection
	GlobalSection(ProjectConfigurationPlatforms) = postSolution
		{D65560B3-10F0-42E7-BCA5-12D0F958AEA9}.Debug|Any CPU.ActiveCfg = Debug|Any CPU
		{D65560B3-10F0-42E7-BCA5-12D0F958AEA9}.Debug|Any CPU.Build.0 = Debug|Any CPU
		{D65560B3-10F0-42E7-BCA5-12D0F958AEA9}.Release|Any CPU.ActiveCfg = Release|Any CPU
		{D65560B3-10F0-42E7-BCA5-12D0F958AEA9}.Release|Any CPU.Build.0 = Release|Any CPU
	EndGlobalSection
	GlobalSection(SolutionProperties) = preSolution
		HideSolutionNode = FALSE
	EndGlobalSection
	GlobalSection(ExtensibilityGlobals) = postSolution
		SolutionGuid = {560E4850-243A-47D5-9986-76F1DCE8F392}
	EndGlobalSection
EndGlobal
